
Microsoft Visual Studio Solution File, Format Version 12.00
# Visual Studio 15
VisualStudioVersion = 15.0.26228.9
MinimumVisualStudioVersion = 10.0.40219.1
Project("{9A19103F-16F7-4668-BE54-9A1E7A4F7556}") = "GeocodeSharp.Tests", "GeocodeSharp.Tests\GeocodeSharp.Tests.csproj", "{24B8C510-F005-4929-9A86-AF46C8A9D207}"
EndProject
Project("{9A19103F-16F7-4668-BE54-9A1E7A4F7556}") = "GeocodeSharp", "GeocodeSharp\GeocodeSharp.csproj", "{BD77F9F9-CC8C-40FE-A5F5-F65647702C16}"
EndProject
Global
	GlobalSection(SolutionConfigurationPlatforms) = preSolution
		Debug|Any CPU = Debug|Any CPU
		Release|Any CPU = Release|Any CPU
	EndGlobalSection
	GlobalSection(ProjectConfigurationPlatforms) = postSolution
		{24B8C510-F005-4929-9A86-AF46C8A9D207}.Debug|Any CPU.ActiveCfg = Debug|Any CPU
		{24B8C510-F005-4929-9A86-AF46C8A9D207}.Debug|Any CPU.Build.0 = Debug|Any CPU
		{24B8C510-F005-4929-9A86-AF46C8A9D207}.Release|Any CPU.ActiveCfg = Release|Any CPU
		{24B8C510-F005-4929-9A86-AF46C8A9D207}.Release|Any CPU.Build.0 = Release|Any CPU
		{BD77F9F9-CC8C-40FE-A5F5-F65647702C16}.Debug|Any CPU.ActiveCfg = Debug|Any CPU
		{BD77F9F9-CC8C-40FE-A5F5-F65647702C16}.Debug|Any CPU.Build.0 = Debug|Any CPU
		{BD77F9F9-CC8C-40FE-A5F5-F65647702C16}.Release|Any CPU.ActiveCfg = Release|Any CPU
		{BD77F9F9-CC8C-40FE-A5F5-F65647702C16}.Release|Any CPU.Build.0 = Release|Any CPU
	EndGlobalSection
	GlobalSection(SolutionProperties) = preSolution
		HideSolutionNode = FALSE
	EndGlobalSection
EndGlobal
